
Microsoft Visual Studio Solution File, Format Version 12.00
# Visual Studio 14
VisualStudioVersion = 14.0.24720.0
MinimumVisualStudioVersion = 10.0.40219.1
Project("{FAE04EC0-301F-11D3-BF4B-00C04F79EFBC}") = "WCFservice", "WCFservice\WCFservice.csproj", "{58E4ED98-151C-4E7E-9C68-5764D374CE88}"
EndProject
Project("{FAE04EC0-301F-11D3-BF4B-00C04F79EFBC}") = "Lab Window", "Lab Window\Lab Window.csproj", "{058463E4-5FB0-4449-8426-B0EDFF0D2A5C}"
EndProject
Global
	GlobalSection(SolutionConfigurationPlatforms) = preSolution
		Debug|Any CPU = Debug|Any CPU
		Release|Any CPU = Release|Any CPU
	EndGlobalSection
	GlobalSection(ProjectConfigurationPlatforms) = postSolution
		{58E4ED98-151C-4E7E-9C68-5764D374CE88}.Debug|Any CPU.ActiveCfg = Debug|Any CPU
		{58E4ED98-151C-4E7E-9C68-5764D374CE88}.Debug|Any CPU.Build.0 = Debug|Any CPU
		{58E4ED98-151C-4E7E-9C68-5764D374CE88}.Release|Any CPU.ActiveCfg = Release|Any CPU
		{58E4ED98-151C-4E7E-9C68-5764D374CE88}.Release|Any CPU.Build.0 = Release|Any CPU
		{058463E4-5FB0-4449-8426-B0EDFF0D2A5C}.Debug|Any CPU.ActiveCfg = Debug|Any CPU
		{058463E4-5FB0-4449-8426-B0EDFF0D2A5C}.Debug|Any CPU.Build.0 = Debug|Any CPU
		{058463E4-5FB0-4449-8426-B0EDFF0D2A5C}.Release|Any CPU.ActiveCfg = Release|Any CPU
		{058463E4-5FB0-4449-8426-B0EDFF0D2A5C}.Release|Any CPU.Build.0 = Release|Any CPU
	EndGlobalSection
	GlobalSection(SolutionProperties) = preSolution
		HideSolutionNode = FALSE
	EndGlobalSection
EndGlobal
