
Microsoft Visual Studio Solution File, Format Version 12.00
# Visual Studio 14
VisualStudioVersion = 14.0.24720.0
MinimumVisualStudioVersion = 10.0.40219.1
Project("{FAE04EC0-301F-11D3-BF4B-00C04F79EFBC}") = "Lab Space", "ConsoleApplication1\Lab Space.csproj", "{A36E734E-7D50-488A-B68E-61B2CCCE169B}"
EndProject
Project("{FAE04EC0-301F-11D3-BF4B-00C04F79EFBC}") = "Lab Console", "Lab Console\Lab Console.csproj", "{233E3201-C8FE-4050-87CD-AD65DC5F5F61}"
EndProject
Project("{FAE04EC0-301F-11D3-BF4B-00C04F79EFBC}") = "New Lab", "New Lab\New Lab.csproj", "{0B2C159F-15D1-437F-AEA9-2628DFE87B68}"
EndProject
Project("{FAE04EC0-301F-11D3-BF4B-00C04F79EFBC}") = "WindowsFormsApplication2", "WindowsFormsApplication2\WindowsFormsApplication2.csproj", "{57EC8A2D-A03B-4908-8B15-37CE32CBF623}"
EndProject
Project("{FAE04EC0-301F-11D3-BF4B-00C04F79EFBC}") = "WcfServiceLibrary7", "WcfServiceLibrary7\WcfServiceLibrary7.csproj", "{4DD63158-D18F-4DD9-A286-58092AF3E924}"
EndProject
Global
	GlobalSection(SolutionConfigurationPlatforms) = preSolution
		Debug|Any CPU = Debug|Any CPU
		Release|Any CPU = Release|Any CPU
	EndGlobalSection
	GlobalSection(ProjectConfigurationPlatforms) = postSolution
		{A36E734E-7D50-488A-B68E-61B2CCCE169B}.Debug|Any CPU.ActiveCfg = Debug|Any CPU
		{A36E734E-7D50-488A-B68E-61B2CCCE169B}.Debug|Any CPU.Build.0 = Debug|Any CPU
		{A36E734E-7D50-488A-B68E-61B2CCCE169B}.Release|Any CPU.ActiveCfg = Release|Any CPU
		{A36E734E-7D50-488A-B68E-61B2CCCE169B}.Release|Any CPU.Build.0 = Release|Any CPU
		{233E3201-C8FE-4050-87CD-AD65DC5F5F61}.Debug|Any CPU.ActiveCfg = Debug|Any CPU
		{233E3201-C8FE-4050-87CD-AD65DC5F5F61}.Debug|Any CPU.Build.0 = Debug|Any CPU
		{233E3201-C8FE-4050-87CD-AD65DC5F5F61}.Release|Any CPU.ActiveCfg = Release|Any CPU
		{233E3201-C8FE-4050-87CD-AD65DC5F5F61}.Release|Any CPU.Build.0 = Release|Any CPU
		{0B2C159F-15D1-437F-AEA9-2628DFE87B68}.Debug|Any CPU.ActiveCfg = Debug|Any CPU
		{0B2C159F-15D1-437F-AEA9-2628DFE87B68}.Debug|Any CPU.Build.0 = Debug|Any CPU
		{0B2C159F-15D1-437F-AEA9-2628DFE87B68}.Release|Any CPU.ActiveCfg = Release|Any CPU
		{0B2C159F-15D1-437F-AEA9-2628DFE87B68}.Release|Any CPU.Build.0 = Release|Any CPU
		{57EC8A2D-A03B-4908-8B15-37CE32CBF623}.Debug|Any CPU.ActiveCfg = Debug|Any CPU
		{57EC8A2D-A03B-4908-8B15-37CE32CBF623}.Debug|Any CPU.Build.0 = Debug|Any CPU
		{57EC8A2D-A03B-4908-8B15-37CE32CBF623}.Release|Any CPU.ActiveCfg = Release|Any CPU
		{57EC8A2D-A03B-4908-8B15-37CE32CBF623}.Release|Any CPU.Build.0 = Release|Any CPU
		{4DD63158-D18F-4DD9-A286-58092AF3E924}.Debug|Any CPU.ActiveCfg = Debug|Any CPU
		{4DD63158-D18F-4DD9-A286-58092AF3E924}.Debug|Any CPU.Build.0 = Debug|Any CPU
		{4DD63158-D18F-4DD9-A286-58092AF3E924}.Release|Any CPU.ActiveCfg = Release|Any CPU
		{4DD63158-D18F-4DD9-A286-58092AF3E924}.Release|Any CPU.Build.0 = Release|Any CPU
	EndGlobalSection
	GlobalSection(SolutionProperties) = preSolution
		HideSolutionNode = FALSE
	EndGlobalSection
EndGlobal
